
Microsoft Visual Studio Solution File, Format Version 12.00
# Visual Studio Version 17
VisualStudioVersion = 17.9.34728.123
MinimumVisualStudioVersion = 10.0.40219.1
Project("{FAE04EC0-301F-11D3-BF4B-00C04F79EFBC}") = "ChallengeLabsWeek3.3", "ChallengeLabsWeek3.3.csproj", "{DD258217-8CB6-448B-ABBC-A3B068C1FC04}"
EndProject
Global
	GlobalSection(SolutionConfigurationPlatforms) = preSolution
		Debug|Any CPU = Debug|Any CPU
		Release|Any CPU = Release|Any CPU
	EndGlobalSection
	GlobalSection(ProjectConfigurationPlatforms) = postSolution
		{DD258217-8CB6-448B-ABBC-A3B068C1FC04}.Debug|Any CPU.ActiveCfg = Debug|Any CPU
		{DD258217-8CB6-448B-ABBC-A3B068C1FC04}.Debug|Any CPU.Build.0 = Debug|Any CPU
		{DD258217-8CB6-448B-ABBC-A3B068C1FC04}.Release|Any CPU.ActiveCfg = Release|Any CPU
		{DD258217-8CB6-448B-ABBC-A3B068C1FC04}.Release|Any CPU.Build.0 = Release|Any CPU
	EndGlobalSection
	GlobalSection(SolutionProperties) = preSolution
		HideSolutionNode = FALSE
	EndGlobalSection
	GlobalSection(ExtensibilityGlobals) = postSolution
		SolutionGuid = {3B795CB9-590C-4236-8520-63D332370817}
	EndGlobalSection
EndGlobal
